
Microsoft Visual Studio Solution File, Format Version 12.00
# Visual Studio Version 16
VisualStudioVersion = 16.0.29318.209
MinimumVisualStudioVersion = 10.0.40219.1
Project("{FAE04EC0-301F-11D3-BF4B-00C04F79EFBC}") = "NPRHS2_GTFS_Creator", "NPRHS2_GTFS_Creator\NPRHS2_GTFS_Creator.csproj", "{61BCC36E-C410-4B93-80AB-E3DC0D2C1F81}"
EndProject
Global
	GlobalSection(SolutionConfigurationPlatforms) = preSolution
		Debug|Any CPU = Debug|Any CPU
		Release|Any CPU = Release|Any CPU
	EndGlobalSection
	GlobalSection(ProjectConfigurationPlatforms) = postSolution
		{61BCC36E-C410-4B93-80AB-E3DC0D2C1F81}.Debug|Any CPU.ActiveCfg = Debug|Any CPU
		{61BCC36E-C410-4B93-80AB-E3DC0D2C1F81}.Debug|Any CPU.Build.0 = Debug|Any CPU
		{61BCC36E-C410-4B93-80AB-E3DC0D2C1F81}.Release|Any CPU.ActiveCfg = Release|Any CPU
		{61BCC36E-C410-4B93-80AB-E3DC0D2C1F81}.Release|Any CPU.Build.0 = Release|Any CPU
	EndGlobalSection
	GlobalSection(SolutionProperties) = preSolution
		HideSolutionNode = FALSE
	EndGlobalSection
	GlobalSection(ExtensibilityGlobals) = postSolution
		SolutionGuid = {A4DE6ED9-343C-474E-A121-D8FCD7301D23}
	EndGlobalSection
EndGlobal
